// !$*UTF8*$!
{
	archiveVersion = 1;
	classes = {
	};
	objectVersion = 50;
	objects = {

/* Begin PBXBuildFile section */
		BCB2B72D297ABA080083975C /* AppDelegate.swift in Sources */ = {isa = PBXBuildFile; fileRef = BCB2B72C297ABA080083975C /* AppDelegate.swift */; };
		BCB2B72F297ABA080083975C /* SceneDelegate.swift in Sources */ = {isa = PBXBuildFile; fileRef = BCB2B72E297ABA080083975C /* SceneDelegate.swift */; };
		BCB2B736297ABA0D0083975C /* Assets.xcassets in Resources */ = {isa = PBXBuildFile; fileRef = BCB2B735297ABA0D0083975C /* Assets.xcassets */; };
		BCB2B739297ABA0D0083975C /* LaunchScreen.storyboard in Resources */ = {isa = PBXBuildFile; fileRef = BCB2B737297ABA0D0083975C /* LaunchScreen.storyboard */; };
		BCCBA622297ABFFF008669F4 /* OnboardingCVC.swift in Sources */ = {isa = PBXBuildFile; fileRef = BCCBA620297ABFFF008669F4 /* OnboardingCVC.swift */; };
		BCCBA623297ABFFF008669F4 /* OnboardingCVC.xib in Resources */ = {isa = PBXBuildFile; fileRef = BCCBA621297ABFFF008669F4 /* OnboardingCVC.xib */; };
		BCE4BC6F297F0B7D007119C8 /* MainViewController.swift in Sources */ = {isa = PBXBuildFile; fileRef = BCE4BC6E297F0B7D007119C8 /* MainViewController.swift */; };
		BCE4BC73297F0B8F007119C8 /* MainPresenter.swift in Sources */ = {isa = PBXBuildFile; fileRef = BCE4BC72297F0B8E007119C8 /* MainPresenter.swift */; };
		BCE4BC76297F0CAA007119C8 /* Main.storyboard in Resources */ = {isa = PBXBuildFile; fileRef = BCE4BC75297F0CAA007119C8 /* Main.storyboard */; };
		BCF8E1EB297D625F00368E18 /* OnboardingViewController.swift in Sources */ = {isa = PBXBuildFile; fileRef = BCF8E1EA297D625F00368E18 /* OnboardingViewController.swift */; };
		BCF8E1EE297D628300368E18 /* Onboarding.storyboard in Resources */ = {isa = PBXBuildFile; fileRef = BCF8E1ED297D628300368E18 /* Onboarding.storyboard */; };
		BCF9CD3A298279FA00AD4091 /* IndividualsViewController.swift in Sources */ = {isa = PBXBuildFile; fileRef = BCF9CD39298279FA00AD4091 /* IndividualsViewController.swift */; };
		BCF9CD3E29827A1500AD4091 /* Individuals.storyboard in Resources */ = {isa = PBXBuildFile; fileRef = BCF9CD3D29827A1500AD4091 /* Individuals.storyboard */; };
/* End PBXBuildFile section */

/* Begin PBXFileReference section */
		BCB2B729297ABA080083975C /* gatherIn-Clone.app */ = {isa = PBXFileReference; explicitFileType = wrapper.application; includeInIndex = 0; path = "gatherIn-Clone.app"; sourceTree = BUILT_PRODUCTS_DIR; };
		BCB2B72C297ABA080083975C /* AppDelegate.swift */ = {isa = PBXFileReference; lastKnownFileType = sourcecode.swift; path = AppDelegate.swift; sourceTree = "<group>"; };
		BCB2B72E297ABA080083975C /* SceneDelegate.swift */ = {isa = PBXFileReference; lastKnownFileType = sourcecode.swift; path = SceneDelegate.swift; sourceTree = "<group>"; };
		BCB2B735297ABA0D0083975C /* Assets.xcassets */ = {isa = PBXFileReference; lastKnownFileType = folder.assetcatalog; path = Assets.xcassets; sourceTree = "<group>"; };
		BCB2B738297ABA0D0083975C /* Base */ = {isa = PBXFileReference; lastKnownFileType = file.storyboard; name = Base; path = Base.lproj/LaunchScreen.storyboard; sourceTree = "<group>"; };
		BCB2B73A297ABA0D0083975C /* Info.plist */ = {isa = PBXFileReference; lastKnownFileType = text.plist.xml; path = Info.plist; sourceTree = "<group>"; };
		BCCBA620297ABFFF008669F4 /* OnboardingCVC.swift */ = {isa = PBXFileReference; lastKnownFileType = sourcecode.swift; path = OnboardingCVC.swift; sourceTree = "<group>"; };
		BCCBA621297ABFFF008669F4 /* OnboardingCVC.xib */ = {isa = PBXFileReference; lastKnownFileType = file.xib; path = OnboardingCVC.xib; sourceTree = "<group>"; };
		BCE4BC6E297F0B7D007119C8 /* MainViewController.swift */ = {isa = PBXFileReference; lastKnownFileType = sourcecode.swift; path = MainViewController.swift; sourceTree = "<group>"; };
		BCE4BC72297F0B8E007119C8 /* MainPresenter.swift */ = {isa = PBXFileReference; lastKnownFileType = sourcecode.swift; path = MainPresenter.swift; sourceTree = "<group>"; };
		BCE4BC75297F0CAA007119C8 /* Main.storyboard */ = {isa = PBXFileReference; lastKnownFileType = file.storyboard; path = Main.storyboard; sourceTree = "<group>"; };
		BCF8E1EA297D625F00368E18 /* OnboardingViewController.swift */ = {isa = PBXFileReference; lastKnownFileType = sourcecode.swift; path = OnboardingViewController.swift; sourceTree = "<group>"; };
		BCF8E1ED297D628300368E18 /* Onboarding.storyboard */ = {isa = PBXFileReference; lastKnownFileType = file.storyboard; path = Onboarding.storyboard; sourceTree = "<group>"; };
		BCF9CD39298279FA00AD4091 /* IndividualsViewController.swift */ = {isa = PBXFileReference; lastKnownFileType = sourcecode.swift; path = IndividualsViewController.swift; sourceTree = "<group>"; };
		BCF9CD3D29827A1500AD4091 /* Individuals.storyboard */ = {isa = PBXFileReference; lastKnownFileType = file.storyboard; path = Individuals.storyboard; sourceTree = "<group>"; };
/* End PBXFileReference section */

/* Begin PBXFrameworksBuildPhase section */
		BCB2B726297ABA080083975C /* Frameworks */ = {
			isa = PBXFrameworksBuildPhase;
			buildActionMask = 2147483647;
			files = (
			);
			runOnlyForDeploymentPostprocessing = 0;
		};
/* End PBXFrameworksBuildPhase section */

/* Begin PBXGroup section */
		BCB2B720297ABA080083975C = {
			isa = PBXGroup;
			children = (
				BCB2B72B297ABA080083975C /* gatherIn-Clone */,
				BCB2B72A297ABA080083975C /* Products */,
			);
			sourceTree = "<group>";
		};
		BCB2B72A297ABA080083975C /* Products */ = {
			isa = PBXGroup;
			children = (
				BCB2B729297ABA080083975C /* gatherIn-Clone.app */,
			);
			name = Products;
			sourceTree = "<group>";
		};
		BCB2B72B297ABA080083975C /* gatherIn-Clone */ = {
			isa = PBXGroup;
			children = (
				BCB2B74A297ABBC70083975C /* Storyboards */,
				BCB2B745297ABB7D0083975C /* Assets */,
				BCB2B744297ABB6D0083975C /* Configuration */,
				BCB2B743297ABB5D0083975C /* App */,
				BCB2B746297ABB8B0083975C /* Modules */,
			);
			path = "gatherIn-Clone";
			sourceTree = "<group>";
		};
		BCB2B743297ABB5D0083975C /* App */ = {
			isa = PBXGroup;
			children = (
				BCB2B72C297ABA080083975C /* AppDelegate.swift */,
				BCB2B72E297ABA080083975C /* SceneDelegate.swift */,
			);
			path = App;
			sourceTree = "<group>";
		};
		BCB2B744297ABB6D0083975C /* Configuration */ = {
			isa = PBXGroup;
			children = (
				BCB2B73A297ABA0D0083975C /* Info.plist */,
			);
			path = Configuration;
			sourceTree = "<group>";
		};
		BCB2B745297ABB7D0083975C /* Assets */ = {
			isa = PBXGroup;
			children = (
				BCB2B735297ABA0D0083975C /* Assets.xcassets */,
			);
			path = Assets;
			sourceTree = "<group>";
		};
		BCB2B746297ABB8B0083975C /* Modules */ = {
			isa = PBXGroup;
			children = (
				BCB2B747297ABB960083975C /* OnboardingView */,
				BCE4BC6A297F0B3E007119C8 /* MainView */,
				BCF9CD36298279A500AD4091 /* IndividualsView */,
			);
			path = Modules;
			sourceTree = "<group>";
		};
		BCB2B747297ABB960083975C /* OnboardingView */ = {
			isa = PBXGroup;
			children = (
				BCB2B749297ABBAA0083975C /* Presenter */,
				BCB2B748297ABBA20083975C /* View */,
			);
			path = OnboardingView;
			sourceTree = "<group>";
		};
		BCB2B748297ABBA20083975C /* View */ = {
			isa = PBXGroup;
			children = (
				BCF8E1EA297D625F00368E18 /* OnboardingViewController.swift */,
				BCCBA61F297ABFC9008669F4 /* collectionView */,
			);
			path = View;
			sourceTree = "<group>";
		};
		BCB2B749297ABBAA0083975C /* Presenter */ = {
			isa = PBXGroup;
			children = (
			);
			path = Presenter;
			sourceTree = "<group>";
		};
		BCB2B74A297ABBC70083975C /* Storyboards */ = {
			isa = PBXGroup;
			children = (
				BCB2B737297ABA0D0083975C /* LaunchScreen.storyboard */,
				BCF8E1ED297D628300368E18 /* Onboarding.storyboard */,
				BCE4BC75297F0CAA007119C8 /* Main.storyboard */,
				BCF9CD3D29827A1500AD4091 /* Individuals.storyboard */,
			);
			path = Storyboards;
			sourceTree = "<group>";
		};
		BCCBA61F297ABFC9008669F4 /* collectionView */ = {
			isa = PBXGroup;
			children = (
				BCCBA620297ABFFF008669F4 /* OnboardingCVC.swift */,
				BCCBA621297ABFFF008669F4 /* OnboardingCVC.xib */,
			);
			path = collectionView;
			sourceTree = "<group>";
		};
		BCE4BC6A297F0B3E007119C8 /* MainView */ = {
			isa = PBXGroup;
			children = (
				BCE4BC6D297F0B59007119C8 /* Model */,
				BCE4BC6B297F0B50007119C8 /* View */,
				BCE4BC6C297F0B53007119C8 /* Presenter */,
			);
			path = MainView;
			sourceTree = "<group>";
		};
		BCE4BC6B297F0B50007119C8 /* View */ = {
			isa = PBXGroup;
			children = (
				BCE4BC6E297F0B7D007119C8 /* MainViewController.swift */,
			);
			path = View;
			sourceTree = "<group>";
		};
		BCE4BC6C297F0B53007119C8 /* Presenter */ = {
			isa = PBXGroup;
			children = (
				BCE4BC72297F0B8E007119C8 /* MainPresenter.swift */,
			);
			path = Presenter;
			sourceTree = "<group>";
		};
		BCE4BC6D297F0B59007119C8 /* Model */ = {
			isa = PBXGroup;
			children = (
			);
			path = Model;
			sourceTree = "<group>";
		};
		BCF9CD36298279A500AD4091 /* IndividualsView */ = {
			isa = PBXGroup;
			children = (
				BCF9CD38298279BE00AD4091 /* View */,
				BCF9CD37298279B800AD4091 /* Presenter */,
			);
			path = IndividualsView;
			sourceTree = "<group>";
		};
		BCF9CD37298279B800AD4091 /* Presenter */ = {
			isa = PBXGroup;
			children = (
			);
			path = Presenter;
			sourceTree = "<group>";
		};
		BCF9CD38298279BE00AD4091 /* View */ = {
			isa = PBXGroup;
			children = (
				BCF9CD39298279FA00AD4091 /* IndividualsViewController.swift */,
			);
			path = View;
			sourceTree = "<group>";
		};
/* End PBXGroup section */

/* Begin PBXNativeTarget section */
		BCB2B728297ABA080083975C /* gatherIn-Clone */ = {
			isa = PBXNativeTarget;
			buildConfigurationList = BCB2B73D297ABA0D0083975C /* Build configuration list for PBXNativeTarget "gatherIn-Clone" */;
			buildPhases = (
				BCB2B725297ABA080083975C /* Sources */,
				BCB2B726297ABA080083975C /* Frameworks */,
				BCB2B727297ABA080083975C /* Resources */,
			);
			buildRules = (
			);
			dependencies = (
			);
			name = "gatherIn-Clone";
			productName = "gatherIn-Clone";
			productReference = BCB2B729297ABA080083975C /* gatherIn-Clone.app */;
			productType = "com.apple.product-type.application";
		};
/* End PBXNativeTarget section */

/* Begin PBXProject section */
		BCB2B721297ABA080083975C /* Project object */ = {
			isa = PBXProject;
			attributes = {
				LastSwiftUpdateCheck = 1230;
				LastUpgradeCheck = 1230;
				TargetAttributes = {
					BCB2B728297ABA080083975C = {
						CreatedOnToolsVersion = 12.3;
					};
				};
			};
			buildConfigurationList = BCB2B724297ABA080083975C /* Build configuration list for PBXProject "gatherIn-Clone" */;
			compatibilityVersion = "Xcode 9.3";
			developmentRegion = en;
			hasScannedForEncodings = 0;
			knownRegions = (
				en,
				Base,
			);
			mainGroup = BCB2B720297ABA080083975C;
			productRefGroup = BCB2B72A297ABA080083975C /* Products */;
			projectDirPath = "";
			projectRoot = "";
			targets = (
				BCB2B728297ABA080083975C /* gatherIn-Clone */,
			);
		};
/* End PBXProject section */

/* Begin PBXResourcesBuildPhase section */
		BCB2B727297ABA080083975C /* Resources */ = {
			isa = PBXResourcesBuildPhase;
			buildActionMask = 2147483647;
			files = (
				BCB2B739297ABA0D0083975C /* LaunchScreen.storyboard in Resources */,
				BCE4BC76297F0CAA007119C8 /* Main.storyboard in Resources */,
				BCB2B736297ABA0D0083975C /* Assets.xcassets in Resources */,
				BCCBA623297ABFFF008669F4 /* OnboardingCVC.xib in Resources */,
				BCF8E1EE297D628300368E18 /* Onboarding.storyboard in Resources */,
				BCF9CD3E29827A1500AD4091 /* Individuals.storyboard in Resources */,
			);
			runOnlyForDeploymentPostprocessing = 0;
		};
/* End PBXResourcesBuildPhase section */

/* Begin PBXSourcesBuildPhase section */
		BCB2B725297ABA080083975C /* Sources */ = {
			isa = PBXSourcesBuildPhase;
			buildActionMask = 2147483647;
			files = (
				BCCBA622297ABFFF008669F4 /* OnboardingCVC.swift in Sources */,
				BCE4BC73297F0B8F007119C8 /* MainPresenter.swift in Sources */,
				BCB2B72D297ABA080083975C /* AppDelegate.swift in Sources */,
				BCB2B72F297ABA080083975C /* SceneDelegate.swift in Sources */,
				BCF8E1EB297D625F00368E18 /* OnboardingViewController.swift in Sources */,
				BCF9CD3A298279FA00AD4091 /* IndividualsViewController.swift in Sources */,
				BCE4BC6F297F0B7D007119C8 /* MainViewController.swift in Sources */,
			);
			runOnlyForDeploymentPostprocessing = 0;
		};
/* End PBXSourcesBuildPhase section */

/* Begin PBXVariantGroup section */
		BCB2B737297ABA0D0083975C /* LaunchScreen.storyboard */ = {
			isa = PBXVariantGroup;
			children = (
				BCB2B738297ABA0D0083975C /* Base */,
			);
			name = LaunchScreen.storyboard;
			sourceTree = "<group>";
		};
/* End PBXVariantGroup section */

/* Begin XCBuildConfiguration section */
		BCB2B73B297ABA0D0083975C /* Debug */ = {
			isa = XCBuildConfiguration;
			buildSettings = {
				ALWAYS_SEARCH_USER_PATHS = NO;
				CLANG_ANALYZER_NONNULL = YES;
				CLANG_ANALYZER_NUMBER_OBJECT_CONVERSION = YES_AGGRESSIVE;
				CLANG_CXX_LANGUAGE_STANDARD = "gnu++14";
				CLANG_CXX_LIBRARY = "libc++";
				CLANG_ENABLE_MODULES = YES;
				CLANG_ENABLE_OBJC_ARC = YES;
				CLANG_ENABLE_OBJC_WEAK = YES;
				CLANG_WARN_BLOCK_CAPTURE_AUTORELEASING = YES;
				CLANG_WARN_BOOL_CONVERSION = YES;
				CLANG_WARN_COMMA = YES;
				CLANG_WARN_CONSTANT_CONVERSION = YES;
				CLANG_WARN_DEPRECATED_OBJC_IMPLEMENTATIONS = YES;
				CLANG_WARN_DIRECT_OBJC_ISA_USAGE = YES_ERROR;
				CLANG_WARN_DOCUMENTATION_COMMENTS = YES;
				CLANG_WARN_EMPTY_BODY = YES;
				CLANG_WARN_ENUM_CONVERSION = YES;
				CLANG_WARN_INFINITE_RECURSION = YES;
				CLANG_WARN_INT_CONVERSION = YES;
				CLANG_WARN_NON_LITERAL_NULL_CONVERSION = YES;
				CLANG_WARN_OBJC_IMPLICIT_RETAIN_SELF = YES;
				CLANG_WARN_OBJC_LITERAL_CONVERSION = YES;
				CLANG_WARN_OBJC_ROOT_CLASS = YES_ERROR;
				CLANG_WARN_QUOTED_INCLUDE_IN_FRAMEWORK_HEADER = YES;
				CLANG_WARN_RANGE_LOOP_ANALYSIS = YES;
				CLANG_WARN_STRICT_PROTOTYPES = YES;
				CLANG_WARN_SUSPICIOUS_MOVE = YES;
				CLANG_WARN_UNGUARDED_AVAILABILITY = YES_AGGRESSIVE;
				CLANG_WARN_UNREACHABLE_CODE = YES;
				CLANG_WARN__DUPLICATE_METHOD_MATCH = YES;
				COPY_PHASE_STRIP = NO;
				DEBUG_INFORMATION_FORMAT = dwarf;
				ENABLE_STRICT_OBJC_MSGSEND = YES;
				ENABLE_TESTABILITY = YES;
				GCC_C_LANGUAGE_STANDARD = gnu11;
				GCC_DYNAMIC_NO_PIC = NO;
				GCC_NO_COMMON_BLOCKS = YES;
				GCC_OPTIMIZATION_LEVEL = 0;
				GCC_PREPROCESSOR_DEFINITIONS = (
					"DEBUG=1",
					"$(inherited)",
				);
				GCC_WARN_64_TO_32_BIT_CONVERSION = YES;
				GCC_WARN_ABOUT_RETURN_TYPE = YES_ERROR;
				GCC_WARN_UNDECLARED_SELECTOR = YES;
				GCC_WARN_UNINITIALIZED_AUTOS = YES_AGGRESSIVE;
				GCC_WARN_UNUSED_FUNCTION = YES;
				GCC_WARN_UNUSED_VARIABLE = YES;
				IPHONEOS_DEPLOYMENT_TARGET = 13.2;
				MTL_ENABLE_DEBUG_INFO = INCLUDE_SOURCE;
				MTL_FAST_MATH = YES;
				ONLY_ACTIVE_ARCH = YES;
				SDKROOT = iphoneos;
				SWIFT_ACTIVE_COMPILATION_CONDITIONS = DEBUG;
				SWIFT_OPTIMIZATION_LEVEL = "-Onone";
			};
			name = Debug;
		};
		BCB2B73C297ABA0D0083975C /* Release */ = {
			isa = XCBuildConfiguration;
			buildSettings = {
				ALWAYS_SEARCH_USER_PATHS = NO;
				CLANG_ANALYZER_NONNULL = YES;
				CLANG_ANALYZER_NUMBER_OBJECT_CONVERSION = YES_AGGRESSIVE;
				CLANG_CXX_LANGUAGE_STANDARD = "gnu++14";
				CLANG_CXX_LIBRARY = "libc++";
				CLANG_ENABLE_MODULES = YES;
				CLANG_ENABLE_OBJC_ARC = YES;
				CLANG_ENABLE_OBJC_WEAK = YES;
				CLANG_WARN_BLOCK_CAPTURE_AUTORELEASING = YES;
				CLANG_WARN_BOOL_CONVERSION = YES;
				CLANG_WARN_COMMA = YES;
				CLANG_WARN_CONSTANT_CONVERSION = YES;
				CLANG_WARN_DEPRECATED_OBJC_IMPLEMENTATIONS = YES;
				CLANG_WARN_DIRECT_OBJC_ISA_USAGE = YES_ERROR;
				CLANG_WARN_DOCUMENTATION_COMMENTS = YES;
				CLANG_WARN_EMPTY_BODY = YES;
				CLANG_WARN_ENUM_CONVERSION = YES;
				CLANG_WARN_INFINITE_RECURSION = YES;
				CLANG_WARN_INT_CONVERSION = YES;
				CLANG_WARN_NON_LITERAL_NULL_CONVERSION = YES;
				CLANG_WARN_OBJC_IMPLICIT_RETAIN_SELF = YES;
				CLANG_WARN_OBJC_LITERAL_CONVERSION = YES;
				CLANG_WARN_OBJC_ROOT_CLASS = YES_ERROR;
				CLANG_WARN_QUOTED_INCLUDE_IN_FRAMEWORK_HEADER = YES;
				CLANG_WARN_RANGE_LOOP_ANALYSIS = YES;
				CLANG_WARN_STRICT_PROTOTYPES = YES;
				CLANG_WARN_SUSPICIOUS_MOVE = YES;
				CLANG_WARN_UNGUARDED_AVAILABILITY = YES_AGGRESSIVE;
				CLANG_WARN_UNREACHABLE_CODE = YES;
				CLANG_WARN__DUPLICATE_METHOD_MATCH = YES;
				COPY_PHASE_STRIP = NO;
				DEBUG_INFORMATION_FORMAT = "dwarf-with-dsym";
				ENABLE_NS_ASSERTIONS = NO;
				ENABLE_STRICT_OBJC_MSGSEND = YES;
				GCC_C_LANGUAGE_STANDARD = gnu11;
				GCC_NO_COMMON_BLOCKS = YES;
				GCC_WARN_64_TO_32_BIT_CONVERSION = YES;
				GCC_WARN_ABOUT_RETURN_TYPE = YES_ERROR;
				GCC_WARN_UNDECLARED_SELECTOR = YES;
				GCC_WARN_UNINITIALIZED_AUTOS = YES_AGGRESSIVE;
				GCC_WARN_UNUSED_FUNCTION = YES;
				GCC_WARN_UNUSED_VARIABLE = YES;
				IPHONEOS_DEPLOYMENT_TARGET = 13.2;
				MTL_ENABLE_DEBUG_INFO = NO;
				MTL_FAST_MATH = YES;
				SDKROOT = iphoneos;
				SWIFT_COMPILATION_MODE = wholemodule;
				SWIFT_OPTIMIZATION_LEVEL = "-O";
				VALIDATE_PRODUCT = YES;
			};
			name = Release;
		};
		BCB2B73E297ABA0D0083975C /* Debug */ = {
			isa = XCBuildConfiguration;
			buildSettings = {
				ASSETCATALOG_COMPILER_APPICON_NAME = AppIcon;
				ASSETCATALOG_COMPILER_GLOBAL_ACCENT_COLOR_NAME = AccentColor;
				CODE_SIGN_STYLE = Automatic;
				DEVELOPMENT_TEAM = 5N79QDCTNF;
				INFOPLIST_FILE = "$(SRCROOT)/gatherIn-Clone/Configuration/Info.plist";
				LD_RUNPATH_SEARCH_PATHS = (
					"$(inherited)",
					"@executable_path/Frameworks",
				);
				PRODUCT_BUNDLE_IDENTIFIER = "com.Mahmoud-hashin.gatherIn-Clone";
				PRODUCT_NAME = "$(TARGET_NAME)";
				SWIFT_VERSION = 5.0;
				TARGETED_DEVICE_FAMILY = "1,2";
			};
			name = Debug;
		};
		BCB2B73F297ABA0D0083975C /* Release */ = {
			isa = XCBuildConfiguration;
			buildSettings = {
				ASSETCATALOG_COMPILER_APPICON_NAME = AppIcon;
				ASSETCATALOG_COMPILER_GLOBAL_ACCENT_COLOR_NAME = AccentColor;
				CODE_SIGN_STYLE = Automatic;
				DEVELOPMENT_TEAM = 5N79QDCTNF;
				INFOPLIST_FILE = "$(SRCROOT)/gatherIn-Clone/Configuration/Info.plist";
				LD_RUNPATH_SEARCH_PATHS = (
					"$(inherited)",
					"@executable_path/Frameworks",
				);
				PRODUCT_BUNDLE_IDENTIFIER = "com.Mahmoud-hashin.gatherIn-Clone";
				PRODUCT_NAME = "$(TARGET_NAME)";
				SWIFT_VERSION = 5.0;
				TARGETED_DEVICE_FAMILY = "1,2";
			};
			name = Release;
		};
/* End XCBuildConfiguration section */

/* Begin XCConfigurationList section */
		BCB2B724297ABA080083975C /* Build configuration list for PBXProject "gatherIn-Clone" */ = {
			isa = XCConfigurationList;
			buildConfigurations = (
				BCB2B73B297ABA0D0083975C /* Debug */,
				BCB2B73C297ABA0D0083975C /* Release */,
			);
			defaultConfigurationIsVisible = 0;
			defaultConfigurationName = Release;
		};
		BCB2B73D297ABA0D0083975C /* Build configuration list for PBXNativeTarget "gatherIn-Clone" */ = {
			isa = XCConfigurationList;
			buildConfigurations = (
				BCB2B73E297ABA0D0083975C /* Debug */,
				BCB2B73F297ABA0D0083975C /* Release */,
			);
			defaultConfigurationIsVisible = 0;
			defaultConfigurationName = Release;
		};
/* End XCConfigurationList section */
	};
	rootObject = BCB2B721297ABA080083975C /* Project object */;
}
