// !$*UTF8*$!
{
	archiveVersion = 1;
	classes = {
	};
	objectVersion = 51;
	objects = {

/* Begin PBXBuildFile section */
		7672B09EF16A759EC6DF2C71 /* Pods_gatherIn_Clone.framework in Frameworks */ = {isa = PBXBuildFile; fileRef = B2968C29791BCF7DA1F6CAE6 /* Pods_gatherIn_Clone.framework */; };
		BC07AF672985791000667EE0 /* IndividualsView+TextField.swift in Sources */ = {isa = PBXBuildFile; fileRef = BC07AF662985791000667EE0 /* IndividualsView+TextField.swift */; };
		BC07AF6A29857DF000667EE0 /* CountryTableViewController.swift in Sources */ = {isa = PBXBuildFile; fileRef = BC07AF6929857DF000667EE0 /* CountryTableViewController.swift */; };
		BC1713092982973D00300C29 /* ShadowEffect.swift in Sources */ = {isa = PBXBuildFile; fileRef = BC1713082982973D00300C29 /* ShadowEffect.swift */; };
		BC31248B298D4AA7008E0392 /* KeyboardExtensions.swift in Sources */ = {isa = PBXBuildFile; fileRef = BC31248A298D4AA7008E0392 /* KeyboardExtensions.swift */; };
		BC4231E729A68F810080A36D /* SearchView+CollectionViews.swift in Sources */ = {isa = PBXBuildFile; fileRef = BC4231E629A68F810080A36D /* SearchView+CollectionViews.swift */; };
		BC4231EC29A691190080A36D /* FirstCollectionViewCell.swift in Sources */ = {isa = PBXBuildFile; fileRef = BC4231EA29A691190080A36D /* FirstCollectionViewCell.swift */; };
		BC4231ED29A691190080A36D /* FirstCollectionViewCell.xib in Resources */ = {isa = PBXBuildFile; fileRef = BC4231EB29A691190080A36D /* FirstCollectionViewCell.xib */; };
		BC4231F429A6912A0080A36D /* SecondCollectionViewCell.swift in Sources */ = {isa = PBXBuildFile; fileRef = BC4231F229A6912A0080A36D /* SecondCollectionViewCell.swift */; };
		BC4231F529A6912A0080A36D /* SecondCollectionViewCell.xib in Resources */ = {isa = PBXBuildFile; fileRef = BC4231F329A6912A0080A36D /* SecondCollectionViewCell.xib */; };
		BC4231F929A691390080A36D /* ThirdCollectionViewCell.swift in Sources */ = {isa = PBXBuildFile; fileRef = BC4231F729A691390080A36D /* ThirdCollectionViewCell.swift */; };
		BC4231FA29A691390080A36D /* ThirdCollectionViewCell.xib in Resources */ = {isa = PBXBuildFile; fileRef = BC4231F829A691390080A36D /* ThirdCollectionViewCell.xib */; };
		BC4231FE29A691490080A36D /* FourthCollectionViewCell.swift in Sources */ = {isa = PBXBuildFile; fileRef = BC4231FC29A691490080A36D /* FourthCollectionViewCell.swift */; };
		BC4231FF29A691490080A36D /* FourthCollectionViewCell.xib in Resources */ = {isa = PBXBuildFile; fileRef = BC4231FD29A691490080A36D /* FourthCollectionViewCell.xib */; };
		BC861EEE298E64AA006BBF7D /* Rechability.swift in Sources */ = {isa = PBXBuildFile; fileRef = BC861EED298E64AA006BBF7D /* Rechability.swift */; };
		BCA09AFD299B5E3500819D95 /* Helpers.swift in Sources */ = {isa = PBXBuildFile; fileRef = BCA09AFC299B5E3500819D95 /* Helpers.swift */; };
		BCAC0C5229A2A2210063FC78 /* Search.storyboard in Resources */ = {isa = PBXBuildFile; fileRef = BCAC0C5129A2A2210063FC78 /* Search.storyboard */; };
		BCAC0C5529A2A2590063FC78 /* SearchViewController.swift in Sources */ = {isa = PBXBuildFile; fileRef = BCAC0C5429A2A2590063FC78 /* SearchViewController.swift */; };
		BCAC0C5B29A2A4990063FC78 /* HomeViewController.swift in Sources */ = {isa = PBXBuildFile; fileRef = BCAC0C5A29A2A4990063FC78 /* HomeViewController.swift */; };
		BCAC0C6629A2A70A0063FC78 /* MyBookings.storyboard in Resources */ = {isa = PBXBuildFile; fileRef = BCAC0C6529A2A70A0063FC78 /* MyBookings.storyboard */; };
		BCAC0C6929A2A74A0063FC78 /* Favorite.storyboard in Resources */ = {isa = PBXBuildFile; fileRef = BCAC0C6829A2A74A0063FC78 /* Favorite.storyboard */; };
		BCAC0C6D29A2A7A80063FC78 /* Conversations.storyboard in Resources */ = {isa = PBXBuildFile; fileRef = BCAC0C6C29A2A7A80063FC78 /* Conversations.storyboard */; };
		BCAC0C7029A2A7CA0063FC78 /* More.storyboard in Resources */ = {isa = PBXBuildFile; fileRef = BCAC0C6F29A2A7CA0063FC78 /* More.storyboard */; };
		BCAC0C7329A2A8070063FC78 /* MyBookingsViewController.swift in Sources */ = {isa = PBXBuildFile; fileRef = BCAC0C7229A2A8070063FC78 /* MyBookingsViewController.swift */; };
		BCAC0C7629A2A81D0063FC78 /* FavoriteViewController.swift in Sources */ = {isa = PBXBuildFile; fileRef = BCAC0C7529A2A81D0063FC78 /* FavoriteViewController.swift */; };
		BCAC0C7929A2A82B0063FC78 /* ConversationsViewController.swift in Sources */ = {isa = PBXBuildFile; fileRef = BCAC0C7829A2A82B0063FC78 /* ConversationsViewController.swift */; };
		BCAC0C7C29A2A8390063FC78 /* MoreViewController.swift in Sources */ = {isa = PBXBuildFile; fileRef = BCAC0C7B29A2A8390063FC78 /* MoreViewController.swift */; };
		BCAE67AF298E57DF00B02EFA /* CodeVerification.storyboard in Resources */ = {isa = PBXBuildFile; fileRef = BCAE67AE298E57DF00B02EFA /* CodeVerification.storyboard */; };
		BCAE67B3298E60E400B02EFA /* CodeVerificationViewController.swift in Sources */ = {isa = PBXBuildFile; fileRef = BCAE67B2298E60E400B02EFA /* CodeVerificationViewController.swift */; };
		BCB2B72D297ABA080083975C /* AppDelegate.swift in Sources */ = {isa = PBXBuildFile; fileRef = BCB2B72C297ABA080083975C /* AppDelegate.swift */; };
		BCB2B72F297ABA080083975C /* SceneDelegate.swift in Sources */ = {isa = PBXBuildFile; fileRef = BCB2B72E297ABA080083975C /* SceneDelegate.swift */; };
		BCB2B736297ABA0D0083975C /* Assets.xcassets in Resources */ = {isa = PBXBuildFile; fileRef = BCB2B735297ABA0D0083975C /* Assets.xcassets */; };
		BCB2B739297ABA0D0083975C /* LaunchScreen.storyboard in Resources */ = {isa = PBXBuildFile; fileRef = BCB2B737297ABA0D0083975C /* LaunchScreen.storyboard */; };
		BCB97F66298D84B400FCD3A2 /* AuthManager.swift in Sources */ = {isa = PBXBuildFile; fileRef = BCB97F65298D84B400FCD3A2 /* AuthManager.swift */; };
		BCC161F52990F78A00AEB32C /* CodeVerifcation+TextField.swift in Sources */ = {isa = PBXBuildFile; fileRef = BCC161F42990F78A00AEB32C /* CodeVerifcation+TextField.swift */; };
		BCC161F82991020100AEB32C /* ColorExtension.swift in Sources */ = {isa = PBXBuildFile; fileRef = BCC161F72991020100AEB32C /* ColorExtension.swift */; };
		BCC2C50A299785EE00CC3889 /* BasicInformationViewController.swift in Sources */ = {isa = PBXBuildFile; fileRef = BCC2C509299785EE00CC3889 /* BasicInformationViewController.swift */; };
		BCC2C50D2997863000CC3889 /* BasicInformation.storyboard in Resources */ = {isa = PBXBuildFile; fileRef = BCC2C50C2997863000CC3889 /* BasicInformation.storyboard */; };
		BCC2C5102997E84700CC3889 /* BasicInformation+TextField.swift in Sources */ = {isa = PBXBuildFile; fileRef = BCC2C50F2997E84700CC3889 /* BasicInformation+TextField.swift */; };
		BCCBA622297ABFFF008669F4 /* OnboardingCVC.swift in Sources */ = {isa = PBXBuildFile; fileRef = BCCBA620297ABFFF008669F4 /* OnboardingCVC.swift */; };
		BCCBA623297ABFFF008669F4 /* OnboardingCVC.xib in Resources */ = {isa = PBXBuildFile; fileRef = BCCBA621297ABFFF008669F4 /* OnboardingCVC.xib */; };
		BCCF307C298D7EF500739673 /* IndividualsPresenter.swift in Sources */ = {isa = PBXBuildFile; fileRef = BCCF307B298D7EF500739673 /* IndividualsPresenter.swift */; };
		BCCF3083298D824700739673 /* GoogleService-Info.plist in Resources */ = {isa = PBXBuildFile; fileRef = BCCF3082298D824700739673 /* GoogleService-Info.plist */; };
		BCE4BC6F297F0B7D007119C8 /* MainViewController.swift in Sources */ = {isa = PBXBuildFile; fileRef = BCE4BC6E297F0B7D007119C8 /* MainViewController.swift */; };
		BCE4BC73297F0B8F007119C8 /* MainPresenter.swift in Sources */ = {isa = PBXBuildFile; fileRef = BCE4BC72297F0B8E007119C8 /* MainPresenter.swift */; };
		BCE4BC76297F0CAA007119C8 /* Main.storyboard in Resources */ = {isa = PBXBuildFile; fileRef = BCE4BC75297F0CAA007119C8 /* Main.storyboard */; };
		BCF8E1EB297D625F00368E18 /* OnboardingViewController.swift in Sources */ = {isa = PBXBuildFile; fileRef = BCF8E1EA297D625F00368E18 /* OnboardingViewController.swift */; };
		BCF8E1EE297D628300368E18 /* Onboarding.storyboard in Resources */ = {isa = PBXBuildFile; fileRef = BCF8E1ED297D628300368E18 /* Onboarding.storyboard */; };
		BCF9CD3A298279FA00AD4091 /* IndividualsViewController.swift in Sources */ = {isa = PBXBuildFile; fileRef = BCF9CD39298279FA00AD4091 /* IndividualsViewController.swift */; };
		BCF9CD3E29827A1500AD4091 /* Individuals.storyboard in Resources */ = {isa = PBXBuildFile; fileRef = BCF9CD3D29827A1500AD4091 /* Individuals.storyboard */; };
/* End PBXBuildFile section */

/* Begin PBXFileReference section */
		70B3EAA6EFCF9EC80B223846 /* Pods-gatherIn-Clone.release.xcconfig */ = {isa = PBXFileReference; includeInIndex = 1; lastKnownFileType = text.xcconfig; name = "Pods-gatherIn-Clone.release.xcconfig"; path = "Target Support Files/Pods-gatherIn-Clone/Pods-gatherIn-Clone.release.xcconfig"; sourceTree = "<group>"; };
		90849C973129D3B255DE986A /* Pods-gatherIn-Clone.debug.xcconfig */ = {isa = PBXFileReference; includeInIndex = 1; lastKnownFileType = text.xcconfig; name = "Pods-gatherIn-Clone.debug.xcconfig"; path = "Target Support Files/Pods-gatherIn-Clone/Pods-gatherIn-Clone.debug.xcconfig"; sourceTree = "<group>"; };
		B2968C29791BCF7DA1F6CAE6 /* Pods_gatherIn_Clone.framework */ = {isa = PBXFileReference; explicitFileType = wrapper.framework; includeInIndex = 0; path = Pods_gatherIn_Clone.framework; sourceTree = BUILT_PRODUCTS_DIR; };
		BC07AF662985791000667EE0 /* IndividualsView+TextField.swift */ = {isa = PBXFileReference; lastKnownFileType = sourcecode.swift; path = "IndividualsView+TextField.swift"; sourceTree = "<group>"; };
		BC07AF6929857DF000667EE0 /* CountryTableViewController.swift */ = {isa = PBXFileReference; lastKnownFileType = sourcecode.swift; path = CountryTableViewController.swift; sourceTree = "<group>"; };
		BC1713082982973D00300C29 /* ShadowEffect.swift */ = {isa = PBXFileReference; lastKnownFileType = sourcecode.swift; path = ShadowEffect.swift; sourceTree = "<group>"; };
		BC31248A298D4AA7008E0392 /* KeyboardExtensions.swift */ = {isa = PBXFileReference; lastKnownFileType = sourcecode.swift; path = KeyboardExtensions.swift; sourceTree = "<group>"; };
		BC4231E629A68F810080A36D /* SearchView+CollectionViews.swift */ = {isa = PBXFileReference; lastKnownFileType = sourcecode.swift; path = "SearchView+CollectionViews.swift"; sourceTree = "<group>"; };
		BC4231EA29A691190080A36D /* FirstCollectionViewCell.swift */ = {isa = PBXFileReference; lastKnownFileType = sourcecode.swift; path = FirstCollectionViewCell.swift; sourceTree = "<group>"; };
		BC4231EB29A691190080A36D /* FirstCollectionViewCell.xib */ = {isa = PBXFileReference; lastKnownFileType = file.xib; path = FirstCollectionViewCell.xib; sourceTree = "<group>"; };
		BC4231F229A6912A0080A36D /* SecondCollectionViewCell.swift */ = {isa = PBXFileReference; lastKnownFileType = sourcecode.swift; path = SecondCollectionViewCell.swift; sourceTree = "<group>"; };
		BC4231F329A6912A0080A36D /* SecondCollectionViewCell.xib */ = {isa = PBXFileReference; lastKnownFileType = file.xib; path = SecondCollectionViewCell.xib; sourceTree = "<group>"; };
		BC4231F729A691390080A36D /* ThirdCollectionViewCell.swift */ = {isa = PBXFileReference; lastKnownFileType = sourcecode.swift; path = ThirdCollectionViewCell.swift; sourceTree = "<group>"; };
		BC4231F829A691390080A36D /* ThirdCollectionViewCell.xib */ = {isa = PBXFileReference; lastKnownFileType = file.xib; path = ThirdCollectionViewCell.xib; sourceTree = "<group>"; };
		BC4231FC29A691490080A36D /* FourthCollectionViewCell.swift */ = {isa = PBXFileReference; lastKnownFileType = sourcecode.swift; path = FourthCollectionViewCell.swift; sourceTree = "<group>"; };
		BC4231FD29A691490080A36D /* FourthCollectionViewCell.xib */ = {isa = PBXFileReference; lastKnownFileType = file.xib; path = FourthCollectionViewCell.xib; sourceTree = "<group>"; };
		BC861EED298E64AA006BBF7D /* Rechability.swift */ = {isa = PBXFileReference; lastKnownFileType = sourcecode.swift; path = Rechability.swift; sourceTree = "<group>"; };
		BCA09AFC299B5E3500819D95 /* Helpers.swift */ = {isa = PBXFileReference; lastKnownFileType = sourcecode.swift; path = Helpers.swift; sourceTree = "<group>"; };
		BCAC0C5129A2A2210063FC78 /* Search.storyboard */ = {isa = PBXFileReference; lastKnownFileType = file.storyboard; path = Search.storyboard; sourceTree = "<group>"; };
		BCAC0C5429A2A2590063FC78 /* SearchViewController.swift */ = {isa = PBXFileReference; lastKnownFileType = sourcecode.swift; path = SearchViewController.swift; sourceTree = "<group>"; };
		BCAC0C5A29A2A4990063FC78 /* HomeViewController.swift */ = {isa = PBXFileReference; lastKnownFileType = sourcecode.swift; path = HomeViewController.swift; sourceTree = "<group>"; };
		BCAC0C6529A2A70A0063FC78 /* MyBookings.storyboard */ = {isa = PBXFileReference; lastKnownFileType = file.storyboard; path = MyBookings.storyboard; sourceTree = "<group>"; };
		BCAC0C6829A2A74A0063FC78 /* Favorite.storyboard */ = {isa = PBXFileReference; lastKnownFileType = file.storyboard; path = Favorite.storyboard; sourceTree = "<group>"; };
		BCAC0C6C29A2A7A80063FC78 /* Conversations.storyboard */ = {isa = PBXFileReference; lastKnownFileType = file.storyboard; path = Conversations.storyboard; sourceTree = "<group>"; };
		BCAC0C6F29A2A7CA0063FC78 /* More.storyboard */ = {isa = PBXFileReference; lastKnownFileType = file.storyboard; path = More.storyboard; sourceTree = "<group>"; };
		BCAC0C7229A2A8070063FC78 /* MyBookingsViewController.swift */ = {isa = PBXFileReference; lastKnownFileType = sourcecode.swift; path = MyBookingsViewController.swift; sourceTree = "<group>"; };
		BCAC0C7529A2A81D0063FC78 /* FavoriteViewController.swift */ = {isa = PBXFileReference; lastKnownFileType = sourcecode.swift; path = FavoriteViewController.swift; sourceTree = "<group>"; };
		BCAC0C7829A2A82B0063FC78 /* ConversationsViewController.swift */ = {isa = PBXFileReference; lastKnownFileType = sourcecode.swift; path = ConversationsViewController.swift; sourceTree = "<group>"; };
		BCAC0C7B29A2A8390063FC78 /* MoreViewController.swift */ = {isa = PBXFileReference; lastKnownFileType = sourcecode.swift; path = MoreViewController.swift; sourceTree = "<group>"; };
		BCAE67AE298E57DF00B02EFA /* CodeVerification.storyboard */ = {isa = PBXFileReference; lastKnownFileType = file.storyboard; path = CodeVerification.storyboard; sourceTree = "<group>"; };
		BCAE67B2298E60E400B02EFA /* CodeVerificationViewController.swift */ = {isa = PBXFileReference; lastKnownFileType = sourcecode.swift; path = CodeVerificationViewController.swift; sourceTree = "<group>"; };
		BCB2B729297ABA080083975C /* gatherIn-Clone.app */ = {isa = PBXFileReference; explicitFileType = wrapper.application; includeInIndex = 0; path = "gatherIn-Clone.app"; sourceTree = BUILT_PRODUCTS_DIR; };
		BCB2B72C297ABA080083975C /* AppDelegate.swift */ = {isa = PBXFileReference; lastKnownFileType = sourcecode.swift; path = AppDelegate.swift; sourceTree = "<group>"; };
		BCB2B72E297ABA080083975C /* SceneDelegate.swift */ = {isa = PBXFileReference; lastKnownFileType = sourcecode.swift; path = SceneDelegate.swift; sourceTree = "<group>"; };
		BCB2B735297ABA0D0083975C /* Assets.xcassets */ = {isa = PBXFileReference; lastKnownFileType = folder.assetcatalog; path = Assets.xcassets; sourceTree = "<group>"; };
		BCB2B738297ABA0D0083975C /* Base */ = {isa = PBXFileReference; lastKnownFileType = file.storyboard; name = Base; path = Base.lproj/LaunchScreen.storyboard; sourceTree = "<group>"; };
		BCB2B73A297ABA0D0083975C /* Info.plist */ = {isa = PBXFileReference; lastKnownFileType = text.plist.xml; path = Info.plist; sourceTree = "<group>"; };
		BCB97F65298D84B400FCD3A2 /* AuthManager.swift */ = {isa = PBXFileReference; lastKnownFileType = sourcecode.swift; path = AuthManager.swift; sourceTree = "<group>"; };
		BCC161F42990F78A00AEB32C /* CodeVerifcation+TextField.swift */ = {isa = PBXFileReference; lastKnownFileType = sourcecode.swift; path = "CodeVerifcation+TextField.swift"; sourceTree = "<group>"; };
		BCC161F72991020100AEB32C /* ColorExtension.swift */ = {isa = PBXFileReference; lastKnownFileType = sourcecode.swift; path = ColorExtension.swift; sourceTree = "<group>"; };
		BCC2C509299785EE00CC3889 /* BasicInformationViewController.swift */ = {isa = PBXFileReference; lastKnownFileType = sourcecode.swift; path = BasicInformationViewController.swift; sourceTree = "<group>"; };
		BCC2C50C2997863000CC3889 /* BasicInformation.storyboard */ = {isa = PBXFileReference; lastKnownFileType = file.storyboard; path = BasicInformation.storyboard; sourceTree = "<group>"; };
		BCC2C50F2997E84700CC3889 /* BasicInformation+TextField.swift */ = {isa = PBXFileReference; lastKnownFileType = sourcecode.swift; path = "BasicInformation+TextField.swift"; sourceTree = "<group>"; };
		BCCBA620297ABFFF008669F4 /* OnboardingCVC.swift */ = {isa = PBXFileReference; lastKnownFileType = sourcecode.swift; path = OnboardingCVC.swift; sourceTree = "<group>"; };
		BCCBA621297ABFFF008669F4 /* OnboardingCVC.xib */ = {isa = PBXFileReference; lastKnownFileType = file.xib; path = OnboardingCVC.xib; sourceTree = "<group>"; };
		BCCF307B298D7EF500739673 /* IndividualsPresenter.swift */ = {isa = PBXFileReference; lastKnownFileType = sourcecode.swift; path = IndividualsPresenter.swift; sourceTree = "<group>"; };
		BCCF3082298D824700739673 /* GoogleService-Info.plist */ = {isa = PBXFileReference; fileEncoding = 4; lastKnownFileType = text.plist.xml; path = "GoogleService-Info.plist"; sourceTree = "<group>"; };
		BCE4BC6E297F0B7D007119C8 /* MainViewController.swift */ = {isa = PBXFileReference; lastKnownFileType = sourcecode.swift; path = MainViewController.swift; sourceTree = "<group>"; };
		BCE4BC72297F0B8E007119C8 /* MainPresenter.swift */ = {isa = PBXFileReference; lastKnownFileType = sourcecode.swift; path = MainPresenter.swift; sourceTree = "<group>"; };
		BCE4BC75297F0CAA007119C8 /* Main.storyboard */ = {isa = PBXFileReference; lastKnownFileType = file.storyboard; path = Main.storyboard; sourceTree = "<group>"; };
		BCF8E1EA297D625F00368E18 /* OnboardingViewController.swift */ = {isa = PBXFileReference; lastKnownFileType = sourcecode.swift; path = OnboardingViewController.swift; sourceTree = "<group>"; };
		BCF8E1ED297D628300368E18 /* Onboarding.storyboard */ = {isa = PBXFileReference; lastKnownFileType = file.storyboard; path = Onboarding.storyboard; sourceTree = "<group>"; };
		BCF9CD39298279FA00AD4091 /* IndividualsViewController.swift */ = {isa = PBXFileReference; lastKnownFileType = sourcecode.swift; path = IndividualsViewController.swift; sourceTree = "<group>"; };
		BCF9CD3D29827A1500AD4091 /* Individuals.storyboard */ = {isa = PBXFileReference; lastKnownFileType = file.storyboard; path = Individuals.storyboard; sourceTree = "<group>"; };
/* End PBXFileReference section */

/* Begin PBXFrameworksBuildPhase section */
		BCB2B726297ABA080083975C /* Frameworks */ = {
			isa = PBXFrameworksBuildPhase;
			buildActionMask = 2147483647;
			files = (
				7672B09EF16A759EC6DF2C71 /* Pods_gatherIn_Clone.framework in Frameworks */,
			);
			runOnlyForDeploymentPostprocessing = 0;
		};
/* End PBXFrameworksBuildPhase section */

/* Begin PBXGroup section */
		A1A4582128BD4F21F14FA281 /* Frameworks */ = {
			isa = PBXGroup;
			children = (
				B2968C29791BCF7DA1F6CAE6 /* Pods_gatherIn_Clone.framework */,
			);
			name = Frameworks;
			sourceTree = "<group>";
		};
		B071F10944C521DC4610B100 /* Pods */ = {
			isa = PBXGroup;
			children = (
				90849C973129D3B255DE986A /* Pods-gatherIn-Clone.debug.xcconfig */,
				70B3EAA6EFCF9EC80B223846 /* Pods-gatherIn-Clone.release.xcconfig */,
			);
			path = Pods;
			sourceTree = "<group>";
		};
		BC07AF632985760C00667EE0 /* View */ = {
			isa = PBXGroup;
			children = (
				BC07AF6929857DF000667EE0 /* CountryTableViewController.swift */,
			);
			path = View;
			sourceTree = "<group>";
		};
		BC07AF642985761100667EE0 /* Presenter */ = {
			isa = PBXGroup;
			children = (
			);
			path = Presenter;
			sourceTree = "<group>";
		};
		BC171307298296E500300C29 /* Extensions */ = {
			isa = PBXGroup;
			children = (
				BC1713082982973D00300C29 /* ShadowEffect.swift */,
				BC31248A298D4AA7008E0392 /* KeyboardExtensions.swift */,
				BCC161F72991020100AEB32C /* ColorExtension.swift */,
			);
			path = Extensions;
			sourceTree = "<group>";
		};
		BC17130B298298E000300C29 /* CountryCodeView */ = {
			isa = PBXGroup;
			children = (
				BC07AF632985760C00667EE0 /* View */,
				BC07AF642985761100667EE0 /* Presenter */,
			);
			path = CountryCodeView;
			sourceTree = "<group>";
		};
		BC4231E929A690B60080A36D /* CollectionViews */ = {
			isa = PBXGroup;
			children = (
				BC4231EA29A691190080A36D /* FirstCollectionViewCell.swift */,
				BC4231EB29A691190080A36D /* FirstCollectionViewCell.xib */,
				BC4231F229A6912A0080A36D /* SecondCollectionViewCell.swift */,
				BC4231F329A6912A0080A36D /* SecondCollectionViewCell.xib */,
				BC4231F729A691390080A36D /* ThirdCollectionViewCell.swift */,
				BC4231F829A691390080A36D /* ThirdCollectionViewCell.xib */,
				BC4231FC29A691490080A36D /* FourthCollectionViewCell.swift */,
				BC4231FD29A691490080A36D /* FourthCollectionViewCell.xib */,
			);
			path = CollectionViews;
			sourceTree = "<group>";
		};
		BCA09AFF299B616E00819D95 /* Helpers */ = {
			isa = PBXGroup;
			children = (
				BCA09AFC299B5E3500819D95 /* Helpers.swift */,
			);
			path = Helpers;
			sourceTree = "<group>";
		};
		BCAC0C4D29A2A1E50063FC78 /* SearchView */ = {
			isa = PBXGroup;
			children = (
				BCAC0C5029A2A2010063FC78 /* Model */,
				BCAC0C4E29A2A1F50063FC78 /* View */,
				BCAC0C4F29A2A1FB0063FC78 /* Presenter */,
			);
			path = SearchView;
			sourceTree = "<group>";
		};
		BCAC0C4E29A2A1F50063FC78 /* View */ = {
			isa = PBXGroup;
			children = (
				BCAC0C5429A2A2590063FC78 /* SearchViewController.swift */,
				BC4231E629A68F810080A36D /* SearchView+CollectionViews.swift */,
				BC4231E929A690B60080A36D /* CollectionViews */,
			);
			path = View;
			sourceTree = "<group>";
		};
		BCAC0C4F29A2A1FB0063FC78 /* Presenter */ = {
			isa = PBXGroup;
			children = (
			);
			path = Presenter;
			sourceTree = "<group>";
		};
		BCAC0C5029A2A2010063FC78 /* Model */ = {
			isa = PBXGroup;
			children = (
			);
			path = Model;
			sourceTree = "<group>";
		};
		BCAC0C5829A2A45F0063FC78 /* HomeTabBarView */ = {
			isa = PBXGroup;
			children = (
				BCAC0C5929A2A47B0063FC78 /* View */,
			);
			path = HomeTabBarView;
			sourceTree = "<group>";
		};
		BCAC0C5929A2A47B0063FC78 /* View */ = {
			isa = PBXGroup;
			children = (
				BCAC0C5A29A2A4990063FC78 /* HomeViewController.swift */,
			);
			path = View;
			sourceTree = "<group>";
		};
		BCAC0C5D29A2A60F0063FC78 /* MyBookingsView */ = {
			isa = PBXGroup;
			children = (
				BCAC0C6129A2A6D40063FC78 /* View */,
			);
			path = MyBookingsView;
			sourceTree = "<group>";
		};
		BCAC0C5E29A2A6660063FC78 /* FavoriteView */ = {
			isa = PBXGroup;
			children = (
				BCAC0C6229A2A6DD0063FC78 /* View */,
			);
			path = FavoriteView;
			sourceTree = "<group>";
		};
		BCAC0C5F29A2A6850063FC78 /* ConversationsView */ = {
			isa = PBXGroup;
			children = (
				BCAC0C6329A2A6E00063FC78 /* View */,
			);
			path = ConversationsView;
			sourceTree = "<group>";
		};
		BCAC0C6029A2A68D0063FC78 /* MoreView */ = {
			isa = PBXGroup;
			children = (
				BCAC0C6429A2A6E50063FC78 /* View */,
			);
			path = MoreView;
			sourceTree = "<group>";
		};
		BCAC0C6129A2A6D40063FC78 /* View */ = {
			isa = PBXGroup;
			children = (
				BCAC0C7229A2A8070063FC78 /* MyBookingsViewController.swift */,
			);
			path = View;
			sourceTree = "<group>";
		};
		BCAC0C6229A2A6DD0063FC78 /* View */ = {
			isa = PBXGroup;
			children = (
				BCAC0C7529A2A81D0063FC78 /* FavoriteViewController.swift */,
			);
			path = View;
			sourceTree = "<group>";
		};
		BCAC0C6329A2A6E00063FC78 /* View */ = {
			isa = PBXGroup;
			children = (
				BCAC0C7829A2A82B0063FC78 /* ConversationsViewController.swift */,
			);
			path = View;
			sourceTree = "<group>";
		};
		BCAC0C6429A2A6E50063FC78 /* View */ = {
			isa = PBXGroup;
			children = (
				BCAC0C7B29A2A8390063FC78 /* MoreViewController.swift */,
			);
			path = View;
			sourceTree = "<group>";
		};
		BCAE67B1298E60C300B02EFA /* CodeVerificationView */ = {
			isa = PBXGroup;
			children = (
				BCAE67B6298E611600B02EFA /* View */,
			);
			path = CodeVerificationView;
			sourceTree = "<group>";
		};
		BCAE67B6298E611600B02EFA /* View */ = {
			isa = PBXGroup;
			children = (
				BCAE67B2298E60E400B02EFA /* CodeVerificationViewController.swift */,
				BCC161F42990F78A00AEB32C /* CodeVerifcation+TextField.swift */,
			);
			path = View;
			sourceTree = "<group>";
		};
		BCB2B720297ABA080083975C = {
			isa = PBXGroup;
			children = (
				BCB2B72B297ABA080083975C /* gatherIn-Clone */,
				BCB2B72A297ABA080083975C /* Products */,
				B071F10944C521DC4610B100 /* Pods */,
				A1A4582128BD4F21F14FA281 /* Frameworks */,
			);
			sourceTree = "<group>";
		};
		BCB2B72A297ABA080083975C /* Products */ = {
			isa = PBXGroup;
			children = (
				BCB2B729297ABA080083975C /* gatherIn-Clone.app */,
			);
			name = Products;
			sourceTree = "<group>";
		};
		BCB2B72B297ABA080083975C /* gatherIn-Clone */ = {
			isa = PBXGroup;
			children = (
				BCA09AFF299B616E00819D95 /* Helpers */,
				BC171307298296E500300C29 /* Extensions */,
				BCB2B744297ABB6D0083975C /* Configuration */,
				BCB2B743297ABB5D0083975C /* App */,
				BCB2B74A297ABBC70083975C /* Storyboards */,
				BCB2B745297ABB7D0083975C /* Assets */,
				BCB2B746297ABB8B0083975C /* Modules */,
			);
			path = "gatherIn-Clone";
			sourceTree = "<group>";
		};
		BCB2B743297ABB5D0083975C /* App */ = {
			isa = PBXGroup;
			children = (
				BCB2B72C297ABA080083975C /* AppDelegate.swift */,
				BCB2B72E297ABA080083975C /* SceneDelegate.swift */,
				BC861EED298E64AA006BBF7D /* Rechability.swift */,
			);
			path = App;
			sourceTree = "<group>";
		};
		BCB2B744297ABB6D0083975C /* Configuration */ = {
			isa = PBXGroup;
			children = (
				BCCF3082298D824700739673 /* GoogleService-Info.plist */,
				BCB2B73A297ABA0D0083975C /* Info.plist */,
			);
			path = Configuration;
			sourceTree = "<group>";
		};
		BCB2B745297ABB7D0083975C /* Assets */ = {
			isa = PBXGroup;
			children = (
				BCB2B735297ABA0D0083975C /* Assets.xcassets */,
			);
			path = Assets;
			sourceTree = "<group>";
		};
		BCB2B746297ABB8B0083975C /* Modules */ = {
			isa = PBXGroup;
			children = (
				BCB2B747297ABB960083975C /* OnboardingView */,
				BCE4BC6A297F0B3E007119C8 /* MainView */,
				BCF9CD36298279A500AD4091 /* IndividualsView */,
				BC17130B298298E000300C29 /* CountryCodeView */,
				BCAE67B1298E60C300B02EFA /* CodeVerificationView */,
				BCC2C507299785A200CC3889 /* BasicInformationView */,
				BCAC0C5829A2A45F0063FC78 /* HomeTabBarView */,
				BCAC0C4D29A2A1E50063FC78 /* SearchView */,
				BCAC0C5D29A2A60F0063FC78 /* MyBookingsView */,
				BCAC0C5E29A2A6660063FC78 /* FavoriteView */,
				BCAC0C5F29A2A6850063FC78 /* ConversationsView */,
				BCAC0C6029A2A68D0063FC78 /* MoreView */,
			);
			path = Modules;
			sourceTree = "<group>";
		};
		BCB2B747297ABB960083975C /* OnboardingView */ = {
			isa = PBXGroup;
			children = (
				BCB2B749297ABBAA0083975C /* Presenter */,
				BCB2B748297ABBA20083975C /* View */,
			);
			path = OnboardingView;
			sourceTree = "<group>";
		};
		BCB2B748297ABBA20083975C /* View */ = {
			isa = PBXGroup;
			children = (
				BCF8E1EA297D625F00368E18 /* OnboardingViewController.swift */,
				BCCBA61F297ABFC9008669F4 /* collectionView */,
			);
			path = View;
			sourceTree = "<group>";
		};
		BCB2B749297ABBAA0083975C /* Presenter */ = {
			isa = PBXGroup;
			children = (
			);
			path = Presenter;
			sourceTree = "<group>";
		};
		BCB2B74A297ABBC70083975C /* Storyboards */ = {
			isa = PBXGroup;
			children = (
				BCB2B737297ABA0D0083975C /* LaunchScreen.storyboard */,
				BCF8E1ED297D628300368E18 /* Onboarding.storyboard */,
				BCE4BC75297F0CAA007119C8 /* Main.storyboard */,
				BCF9CD3D29827A1500AD4091 /* Individuals.storyboard */,
				BCAE67AE298E57DF00B02EFA /* CodeVerification.storyboard */,
				BCC2C50C2997863000CC3889 /* BasicInformation.storyboard */,
				BCAC0C5129A2A2210063FC78 /* Search.storyboard */,
				BCAC0C6529A2A70A0063FC78 /* MyBookings.storyboard */,
				BCAC0C6829A2A74A0063FC78 /* Favorite.storyboard */,
				BCAC0C6C29A2A7A80063FC78 /* Conversations.storyboard */,
				BCAC0C6F29A2A7CA0063FC78 /* More.storyboard */,
			);
			path = Storyboards;
			sourceTree = "<group>";
		};
		BCC2C507299785A200CC3889 /* BasicInformationView */ = {
			isa = PBXGroup;
			children = (
				BCC2C508299785BD00CC3889 /* View */,
			);
			path = BasicInformationView;
			sourceTree = "<group>";
		};
		BCC2C508299785BD00CC3889 /* View */ = {
			isa = PBXGroup;
			children = (
				BCC2C509299785EE00CC3889 /* BasicInformationViewController.swift */,
				BCC2C50F2997E84700CC3889 /* BasicInformation+TextField.swift */,
			);
			path = View;
			sourceTree = "<group>";
		};
		BCCBA61F297ABFC9008669F4 /* collectionView */ = {
			isa = PBXGroup;
			children = (
				BCCBA620297ABFFF008669F4 /* OnboardingCVC.swift */,
				BCCBA621297ABFFF008669F4 /* OnboardingCVC.xib */,
			);
			path = collectionView;
			sourceTree = "<group>";
		};
		BCE4BC6A297F0B3E007119C8 /* MainView */ = {
			isa = PBXGroup;
			children = (
				BCE4BC6D297F0B59007119C8 /* Model */,
				BCE4BC6B297F0B50007119C8 /* View */,
				BCE4BC6C297F0B53007119C8 /* Presenter */,
			);
			path = MainView;
			sourceTree = "<group>";
		};
		BCE4BC6B297F0B50007119C8 /* View */ = {
			isa = PBXGroup;
			children = (
				BCE4BC6E297F0B7D007119C8 /* MainViewController.swift */,
			);
			path = View;
			sourceTree = "<group>";
		};
		BCE4BC6C297F0B53007119C8 /* Presenter */ = {
			isa = PBXGroup;
			children = (
				BCE4BC72297F0B8E007119C8 /* MainPresenter.swift */,
			);
			path = Presenter;
			sourceTree = "<group>";
		};
		BCE4BC6D297F0B59007119C8 /* Model */ = {
			isa = PBXGroup;
			children = (
			);
			path = Model;
			sourceTree = "<group>";
		};
		BCF9CD36298279A500AD4091 /* IndividualsView */ = {
			isa = PBXGroup;
			children = (
				BCF9CD38298279BE00AD4091 /* View */,
				BCF9CD37298279B800AD4091 /* Presenter */,
			);
			path = IndividualsView;
			sourceTree = "<group>";
		};
		BCF9CD37298279B800AD4091 /* Presenter */ = {
			isa = PBXGroup;
			children = (
				BCCF307B298D7EF500739673 /* IndividualsPresenter.swift */,
				BCB97F65298D84B400FCD3A2 /* AuthManager.swift */,
			);
			path = Presenter;
			sourceTree = "<group>";
		};
		BCF9CD38298279BE00AD4091 /* View */ = {
			isa = PBXGroup;
			children = (
				BCF9CD39298279FA00AD4091 /* IndividualsViewController.swift */,
				BC07AF662985791000667EE0 /* IndividualsView+TextField.swift */,
			);
			path = View;
			sourceTree = "<group>";
		};
/* End PBXGroup section */

/* Begin PBXNativeTarget section */
		BCB2B728297ABA080083975C /* gatherIn-Clone */ = {
			isa = PBXNativeTarget;
			buildConfigurationList = BCB2B73D297ABA0D0083975C /* Build configuration list for PBXNativeTarget "gatherIn-Clone" */;
			buildPhases = (
				0E84D954FAC45459C403C60B /* [CP] Check Pods Manifest.lock */,
				BCB2B725297ABA080083975C /* Sources */,
				BCB2B726297ABA080083975C /* Frameworks */,
				BCB2B727297ABA080083975C /* Resources */,
				A9400CF149FC7BBB71D97420 /* [CP] Embed Pods Frameworks */,
			);
			buildRules = (
			);
			dependencies = (
			);
			name = "gatherIn-Clone";
			productName = "gatherIn-Clone";
			productReference = BCB2B729297ABA080083975C /* gatherIn-Clone.app */;
			productType = "com.apple.product-type.application";
		};
/* End PBXNativeTarget section */

/* Begin PBXProject section */
		BCB2B721297ABA080083975C /* Project object */ = {
			isa = PBXProject;
			attributes = {
				LastSwiftUpdateCheck = 1230;
				LastUpgradeCheck = 1230;
				TargetAttributes = {
					BCB2B728297ABA080083975C = {
						CreatedOnToolsVersion = 12.3;
					};
				};
			};
			buildConfigurationList = BCB2B724297ABA080083975C /* Build configuration list for PBXProject "gatherIn-Clone" */;
			compatibilityVersion = "Xcode 9.3";
			developmentRegion = en;
			hasScannedForEncodings = 0;
			knownRegions = (
				en,
				Base,
			);
			mainGroup = BCB2B720297ABA080083975C;
			productRefGroup = BCB2B72A297ABA080083975C /* Products */;
			projectDirPath = "";
			projectRoot = "";
			targets = (
				BCB2B728297ABA080083975C /* gatherIn-Clone */,
			);
		};
/* End PBXProject section */

/* Begin PBXResourcesBuildPhase section */
		BCB2B727297ABA080083975C /* Resources */ = {
			isa = PBXResourcesBuildPhase;
			buildActionMask = 2147483647;
			files = (
				BC4231FF29A691490080A36D /* FourthCollectionViewCell.xib in Resources */,
				BC4231F529A6912A0080A36D /* SecondCollectionViewCell.xib in Resources */,
				BCC2C50D2997863000CC3889 /* BasicInformation.storyboard in Resources */,
				BCAC0C5229A2A2210063FC78 /* Search.storyboard in Resources */,
				BCAC0C6929A2A74A0063FC78 /* Favorite.storyboard in Resources */,
				BCAC0C6629A2A70A0063FC78 /* MyBookings.storyboard in Resources */,
				BCAE67AF298E57DF00B02EFA /* CodeVerification.storyboard in Resources */,
				BCB2B739297ABA0D0083975C /* LaunchScreen.storyboard in Resources */,
				BCAC0C6D29A2A7A80063FC78 /* Conversations.storyboard in Resources */,
				BC4231ED29A691190080A36D /* FirstCollectionViewCell.xib in Resources */,
				BCE4BC76297F0CAA007119C8 /* Main.storyboard in Resources */,
				BC4231FA29A691390080A36D /* ThirdCollectionViewCell.xib in Resources */,
				BCB2B736297ABA0D0083975C /* Assets.xcassets in Resources */,
				BCAC0C7029A2A7CA0063FC78 /* More.storyboard in Resources */,
				BCCBA623297ABFFF008669F4 /* OnboardingCVC.xib in Resources */,
				BCF8E1EE297D628300368E18 /* Onboarding.storyboard in Resources */,
				BCF9CD3E29827A1500AD4091 /* Individuals.storyboard in Resources */,
				BCCF3083298D824700739673 /* GoogleService-Info.plist in Resources */,
			);
			runOnlyForDeploymentPostprocessing = 0;
		};
/* End PBXResourcesBuildPhase section */

/* Begin PBXShellScriptBuildPhase section */
		0E84D954FAC45459C403C60B /* [CP] Check Pods Manifest.lock */ = {
			isa = PBXShellScriptBuildPhase;
			buildActionMask = 2147483647;
			files = (
			);
			inputFileListPaths = (
			);
			inputPaths = (
				"${PODS_PODFILE_DIR_PATH}/Podfile.lock",
				"${PODS_ROOT}/Manifest.lock",
			);
			name = "[CP] Check Pods Manifest.lock";
			outputFileListPaths = (
			);
			outputPaths = (
				"$(DERIVED_FILE_DIR)/Pods-gatherIn-Clone-checkManifestLockResult.txt",
			);
			runOnlyForDeploymentPostprocessing = 0;
			shellPath = /bin/sh;
			shellScript = "diff \"${PODS_PODFILE_DIR_PATH}/Podfile.lock\" \"${PODS_ROOT}/Manifest.lock\" > /dev/null\nif [ $? != 0 ] ; then\n    # print error to STDERR\n    echo \"error: The sandbox is not in sync with the Podfile.lock. Run 'pod install' or update your CocoaPods installation.\" >&2\n    exit 1\nfi\n# This output is used by Xcode 'outputs' to avoid re-running this script phase.\necho \"SUCCESS\" > \"${SCRIPT_OUTPUT_FILE_0}\"\n";
			showEnvVarsInLog = 0;
		};
		A9400CF149FC7BBB71D97420 /* [CP] Embed Pods Frameworks */ = {
			isa = PBXShellScriptBuildPhase;
			buildActionMask = 2147483647;
			files = (
			);
			inputFileListPaths = (
				"${PODS_ROOT}/Target Support Files/Pods-gatherIn-Clone/Pods-gatherIn-Clone-frameworks-${CONFIGURATION}-input-files.xcfilelist",
			);
			name = "[CP] Embed Pods Frameworks";
			outputFileListPaths = (
				"${PODS_ROOT}/Target Support Files/Pods-gatherIn-Clone/Pods-gatherIn-Clone-frameworks-${CONFIGURATION}-output-files.xcfilelist",
			);
			runOnlyForDeploymentPostprocessing = 0;
			shellPath = /bin/sh;
			shellScript = "\"${PODS_ROOT}/Target Support Files/Pods-gatherIn-Clone/Pods-gatherIn-Clone-frameworks.sh\"\n";
			showEnvVarsInLog = 0;
		};
/* End PBXShellScriptBuildPhase section */

/* Begin PBXSourcesBuildPhase section */
		BCB2B725297ABA080083975C /* Sources */ = {
			isa = PBXSourcesBuildPhase;
			buildActionMask = 2147483647;
			files = (
				BC4231FE29A691490080A36D /* FourthCollectionViewCell.swift in Sources */,
				BC07AF6A29857DF000667EE0 /* CountryTableViewController.swift in Sources */,
				BC4231E729A68F810080A36D /* SearchView+CollectionViews.swift in Sources */,
				BCAC0C7C29A2A8390063FC78 /* MoreViewController.swift in Sources */,
				BC1713092982973D00300C29 /* ShadowEffect.swift in Sources */,
				BCCBA622297ABFFF008669F4 /* OnboardingCVC.swift in Sources */,
				BCA09AFD299B5E3500819D95 /* Helpers.swift in Sources */,
				BCC161F52990F78A00AEB32C /* CodeVerifcation+TextField.swift in Sources */,
				BC4231F429A6912A0080A36D /* SecondCollectionViewCell.swift in Sources */,
				BC4231EC29A691190080A36D /* FirstCollectionViewCell.swift in Sources */,
				BCAC0C5529A2A2590063FC78 /* SearchViewController.swift in Sources */,
				BCB97F66298D84B400FCD3A2 /* AuthManager.swift in Sources */,
				BCAC0C5B29A2A4990063FC78 /* HomeViewController.swift in Sources */,
				BC4231F929A691390080A36D /* ThirdCollectionViewCell.swift in Sources */,
				BCC2C5102997E84700CC3889 /* BasicInformation+TextField.swift in Sources */,
				BC31248B298D4AA7008E0392 /* KeyboardExtensions.swift in Sources */,
				BCC161F82991020100AEB32C /* ColorExtension.swift in Sources */,
				BCE4BC73297F0B8F007119C8 /* MainPresenter.swift in Sources */,
				BC861EEE298E64AA006BBF7D /* Rechability.swift in Sources */,
				BCB2B72D297ABA080083975C /* AppDelegate.swift in Sources */,
				BC07AF672985791000667EE0 /* IndividualsView+TextField.swift in Sources */,
				BCB2B72F297ABA080083975C /* SceneDelegate.swift in Sources */,
				BCAC0C7929A2A82B0063FC78 /* ConversationsViewController.swift in Sources */,
				BCF8E1EB297D625F00368E18 /* OnboardingViewController.swift in Sources */,
				BCCF307C298D7EF500739673 /* IndividualsPresenter.swift in Sources */,
				BCC2C50A299785EE00CC3889 /* BasicInformationViewController.swift in Sources */,
				BCF9CD3A298279FA00AD4091 /* IndividualsViewController.swift in Sources */,
				BCAE67B3298E60E400B02EFA /* CodeVerificationViewController.swift in Sources */,
				BCAC0C7329A2A8070063FC78 /* MyBookingsViewController.swift in Sources */,
				BCAC0C7629A2A81D0063FC78 /* FavoriteViewController.swift in Sources */,
				BCE4BC6F297F0B7D007119C8 /* MainViewController.swift in Sources */,
			);
			runOnlyForDeploymentPostprocessing = 0;
		};
/* End PBXSourcesBuildPhase section */

/* Begin PBXVariantGroup section */
		BCB2B737297ABA0D0083975C /* LaunchScreen.storyboard */ = {
			isa = PBXVariantGroup;
			children = (
				BCB2B738297ABA0D0083975C /* Base */,
			);
			name = LaunchScreen.storyboard;
			sourceTree = "<group>";
		};
/* End PBXVariantGroup section */

/* Begin XCBuildConfiguration section */
		BCB2B73B297ABA0D0083975C /* Debug */ = {
			isa = XCBuildConfiguration;
			buildSettings = {
				ALWAYS_SEARCH_USER_PATHS = NO;
				CLANG_ANALYZER_NONNULL = YES;
				CLANG_ANALYZER_NUMBER_OBJECT_CONVERSION = YES_AGGRESSIVE;
				CLANG_CXX_LANGUAGE_STANDARD = "gnu++14";
				CLANG_CXX_LIBRARY = "libc++";
				CLANG_ENABLE_MODULES = YES;
				CLANG_ENABLE_OBJC_ARC = YES;
				CLANG_ENABLE_OBJC_WEAK = YES;
				CLANG_WARN_BLOCK_CAPTURE_AUTORELEASING = YES;
				CLANG_WARN_BOOL_CONVERSION = YES;
				CLANG_WARN_COMMA = YES;
				CLANG_WARN_CONSTANT_CONVERSION = YES;
				CLANG_WARN_DEPRECATED_OBJC_IMPLEMENTATIONS = YES;
				CLANG_WARN_DIRECT_OBJC_ISA_USAGE = YES_ERROR;
				CLANG_WARN_DOCUMENTATION_COMMENTS = YES;
				CLANG_WARN_EMPTY_BODY = YES;
				CLANG_WARN_ENUM_CONVERSION = YES;
				CLANG_WARN_INFINITE_RECURSION = YES;
				CLANG_WARN_INT_CONVERSION = YES;
				CLANG_WARN_NON_LITERAL_NULL_CONVERSION = YES;
				CLANG_WARN_OBJC_IMPLICIT_RETAIN_SELF = YES;
				CLANG_WARN_OBJC_LITERAL_CONVERSION = YES;
				CLANG_WARN_OBJC_ROOT_CLASS = YES_ERROR;
				CLANG_WARN_QUOTED_INCLUDE_IN_FRAMEWORK_HEADER = YES;
				CLANG_WARN_RANGE_LOOP_ANALYSIS = YES;
				CLANG_WARN_STRICT_PROTOTYPES = YES;
				CLANG_WARN_SUSPICIOUS_MOVE = YES;
				CLANG_WARN_UNGUARDED_AVAILABILITY = YES_AGGRESSIVE;
				CLANG_WARN_UNREACHABLE_CODE = YES;
				CLANG_WARN__DUPLICATE_METHOD_MATCH = YES;
				COPY_PHASE_STRIP = NO;
				DEBUG_INFORMATION_FORMAT = dwarf;
				ENABLE_STRICT_OBJC_MSGSEND = YES;
				ENABLE_TESTABILITY = YES;
				GCC_C_LANGUAGE_STANDARD = gnu11;
				GCC_DYNAMIC_NO_PIC = NO;
				GCC_NO_COMMON_BLOCKS = YES;
				GCC_OPTIMIZATION_LEVEL = 0;
				GCC_PREPROCESSOR_DEFINITIONS = (
					"DEBUG=1",
					"$(inherited)",
				);
				GCC_WARN_64_TO_32_BIT_CONVERSION = YES;
				GCC_WARN_ABOUT_RETURN_TYPE = YES_ERROR;
				GCC_WARN_UNDECLARED_SELECTOR = YES;
				GCC_WARN_UNINITIALIZED_AUTOS = YES_AGGRESSIVE;
				GCC_WARN_UNUSED_FUNCTION = YES;
				GCC_WARN_UNUSED_VARIABLE = YES;
				IPHONEOS_DEPLOYMENT_TARGET = 12.4;
				MTL_ENABLE_DEBUG_INFO = INCLUDE_SOURCE;
				MTL_FAST_MATH = YES;
				ONLY_ACTIVE_ARCH = YES;
				SDKROOT = iphoneos;
				SWIFT_ACTIVE_COMPILATION_CONDITIONS = DEBUG;
				SWIFT_OPTIMIZATION_LEVEL = "-Onone";
			};
			name = Debug;
		};
		BCB2B73C297ABA0D0083975C /* Release */ = {
			isa = XCBuildConfiguration;
			buildSettings = {
				ALWAYS_SEARCH_USER_PATHS = NO;
				CLANG_ANALYZER_NONNULL = YES;
				CLANG_ANALYZER_NUMBER_OBJECT_CONVERSION = YES_AGGRESSIVE;
				CLANG_CXX_LANGUAGE_STANDARD = "gnu++14";
				CLANG_CXX_LIBRARY = "libc++";
				CLANG_ENABLE_MODULES = YES;
				CLANG_ENABLE_OBJC_ARC = YES;
				CLANG_ENABLE_OBJC_WEAK = YES;
				CLANG_WARN_BLOCK_CAPTURE_AUTORELEASING = YES;
				CLANG_WARN_BOOL_CONVERSION = YES;
				CLANG_WARN_COMMA = YES;
				CLANG_WARN_CONSTANT_CONVERSION = YES;
				CLANG_WARN_DEPRECATED_OBJC_IMPLEMENTATIONS = YES;
				CLANG_WARN_DIRECT_OBJC_ISA_USAGE = YES_ERROR;
				CLANG_WARN_DOCUMENTATION_COMMENTS = YES;
				CLANG_WARN_EMPTY_BODY = YES;
				CLANG_WARN_ENUM_CONVERSION = YES;
				CLANG_WARN_INFINITE_RECURSION = YES;
				CLANG_WARN_INT_CONVERSION = YES;
				CLANG_WARN_NON_LITERAL_NULL_CONVERSION = YES;
				CLANG_WARN_OBJC_IMPLICIT_RETAIN_SELF = YES;
				CLANG_WARN_OBJC_LITERAL_CONVERSION = YES;
				CLANG_WARN_OBJC_ROOT_CLASS = YES_ERROR;
				CLANG_WARN_QUOTED_INCLUDE_IN_FRAMEWORK_HEADER = YES;
				CLANG_WARN_RANGE_LOOP_ANALYSIS = YES;
				CLANG_WARN_STRICT_PROTOTYPES = YES;
				CLANG_WARN_SUSPICIOUS_MOVE = YES;
				CLANG_WARN_UNGUARDED_AVAILABILITY = YES_AGGRESSIVE;
				CLANG_WARN_UNREACHABLE_CODE = YES;
				CLANG_WARN__DUPLICATE_METHOD_MATCH = YES;
				COPY_PHASE_STRIP = NO;
				DEBUG_INFORMATION_FORMAT = "dwarf-with-dsym";
				ENABLE_NS_ASSERTIONS = NO;
				ENABLE_STRICT_OBJC_MSGSEND = YES;
				GCC_C_LANGUAGE_STANDARD = gnu11;
				GCC_NO_COMMON_BLOCKS = YES;
				GCC_WARN_64_TO_32_BIT_CONVERSION = YES;
				GCC_WARN_ABOUT_RETURN_TYPE = YES_ERROR;
				GCC_WARN_UNDECLARED_SELECTOR = YES;
				GCC_WARN_UNINITIALIZED_AUTOS = YES_AGGRESSIVE;
				GCC_WARN_UNUSED_FUNCTION = YES;
				GCC_WARN_UNUSED_VARIABLE = YES;
				IPHONEOS_DEPLOYMENT_TARGET = 12.4;
				MTL_ENABLE_DEBUG_INFO = NO;
				MTL_FAST_MATH = YES;
				SDKROOT = iphoneos;
				SWIFT_COMPILATION_MODE = wholemodule;
				SWIFT_OPTIMIZATION_LEVEL = "-O";
				VALIDATE_PRODUCT = YES;
			};
			name = Release;
		};
		BCB2B73E297ABA0D0083975C /* Debug */ = {
			isa = XCBuildConfiguration;
			baseConfigurationReference = 90849C973129D3B255DE986A /* Pods-gatherIn-Clone.debug.xcconfig */;
			buildSettings = {
				ASSETCATALOG_COMPILER_APPICON_NAME = AppIcon;
				ASSETCATALOG_COMPILER_GLOBAL_ACCENT_COLOR_NAME = AccentColor;
				CODE_SIGN_STYLE = Automatic;
				DEVELOPMENT_TEAM = 5N79QDCTNF;
				INFOPLIST_FILE = "$(SRCROOT)/gatherIn-Clone/Configuration/Info.plist";
				LD_RUNPATH_SEARCH_PATHS = (
					"$(inherited)",
					"@executable_path/Frameworks",
				);
				PRODUCT_BUNDLE_IDENTIFIER = "com.Mahmoud-hashin.gatherIn-Clone";
				PRODUCT_NAME = "$(TARGET_NAME)";
				SWIFT_VERSION = 5.0;
				TARGETED_DEVICE_FAMILY = "1,2";
			};
			name = Debug;
		};
		BCB2B73F297ABA0D0083975C /* Release */ = {
			isa = XCBuildConfiguration;
			baseConfigurationReference = 70B3EAA6EFCF9EC80B223846 /* Pods-gatherIn-Clone.release.xcconfig */;
			buildSettings = {
				ASSETCATALOG_COMPILER_APPICON_NAME = AppIcon;
				ASSETCATALOG_COMPILER_GLOBAL_ACCENT_COLOR_NAME = AccentColor;
				CODE_SIGN_STYLE = Automatic;
				DEVELOPMENT_TEAM = 5N79QDCTNF;
				INFOPLIST_FILE = "$(SRCROOT)/gatherIn-Clone/Configuration/Info.plist";
				LD_RUNPATH_SEARCH_PATHS = (
					"$(inherited)",
					"@executable_path/Frameworks",
				);
				PRODUCT_BUNDLE_IDENTIFIER = "com.Mahmoud-hashin.gatherIn-Clone";
				PRODUCT_NAME = "$(TARGET_NAME)";
				SWIFT_VERSION = 5.0;
				TARGETED_DEVICE_FAMILY = "1,2";
			};
			name = Release;
		};
/* End XCBuildConfiguration section */

/* Begin XCConfigurationList section */
		BCB2B724297ABA080083975C /* Build configuration list for PBXProject "gatherIn-Clone" */ = {
			isa = XCConfigurationList;
			buildConfigurations = (
				BCB2B73B297ABA0D0083975C /* Debug */,
				BCB2B73C297ABA0D0083975C /* Release */,
			);
			defaultConfigurationIsVisible = 0;
			defaultConfigurationName = Release;
		};
		BCB2B73D297ABA0D0083975C /* Build configuration list for PBXNativeTarget "gatherIn-Clone" */ = {
			isa = XCConfigurationList;
			buildConfigurations = (
				BCB2B73E297ABA0D0083975C /* Debug */,
				BCB2B73F297ABA0D0083975C /* Release */,
			);
			defaultConfigurationIsVisible = 0;
			defaultConfigurationName = Release;
		};
/* End XCConfigurationList section */
	};
	rootObject = BCB2B721297ABA080083975C /* Project object */;
}
